
Microsoft Visual Studio Solution File, Format Version 12.00
# Visual Studio 2013
VisualStudioVersion = 12.0.31101.0
MinimumVisualStudioVersion = 10.0.40219.1
Project("{2150E333-8FDC-42A3-9474-1A3956D46DE8}") = "Doc", "Doc", "{80DA4E87-05D4-4A66-B10E-459864FAED38}"
	ProjectSection(SolutionItems) = preProject
		Doc\BNF.txt = Doc\BNF.txt
		Doc\Implement.md = Doc\Implement.md
		README.md = README.md
		Doc\Style.md = Doc\Style.md
		Doc\TODO.md = Doc\TODO.md
		Doc\VM.md = Doc\VM.md
	EndProjectSection
EndProject
Project("{FAE04EC0-301F-11D3-BF4B-00C04F79EFBC}") = "PhotonLibrary", "Photon\PhotonLibrary.csproj", "{129399C8-6ED0-47DA-8829-5781D54C2A48}"
EndProject
Project("{FAE04EC0-301F-11D3-BF4B-00C04F79EFBC}") = "SharpLexer", "..\SharpLexer\SharpLexer\SharpLexer.csproj", "{5138A406-5B76-4D5E-B889-257224E1FB2F}"
EndProject
Project("{FAE04EC0-301F-11D3-BF4B-00C04F79EFBC}") = "PhotonToy", "PhotonToy\PhotonToy.csproj", "{B37BC0BC-90F7-401B-B485-17219FF88B52}"
EndProject
Project("{2150E333-8FDC-42A3-9474-1A3956D46DE8}") = "Core", "Core", "{EA42A4CD-77F2-40D6-B483-693A5824FDF1}"
EndProject
Project("{2150E333-8FDC-42A3-9474-1A3956D46DE8}") = "Tool", "Tool", "{A60DC43C-1B77-4463-9E49-DC52DD53B6CB}"
EndProject
Project("{FAE04EC0-301F-11D3-BF4B-00C04F79EFBC}") = "UnitTest", "UnitTest\UnitTest.csproj", "{0AB986D1-0226-417A-A87D-ECDF6C020282}"
EndProject
Project("{FAE04EC0-301F-11D3-BF4B-00C04F79EFBC}") = "PhotonCompiler", "PhotonCompiler\PhotonCompiler.csproj", "{0ACC0994-F7F2-4CE8-AC21-306712CF6A0A}"
EndProject
Project("{2150E333-8FDC-42A3-9474-1A3956D46DE8}") = "Test", "Test", "{28ADD91D-2B96-4257-BC74-37F15192E998}"
EndProject
Global
	GlobalSection(SolutionConfigurationPlatforms) = preSolution
		Debug|Any CPU = Debug|Any CPU
		Release|Any CPU = Release|Any CPU
	EndGlobalSection
	GlobalSection(ProjectConfigurationPlatforms) = postSolution
		{129399C8-6ED0-47DA-8829-5781D54C2A48}.Debug|Any CPU.ActiveCfg = Debug|Any CPU
		{129399C8-6ED0-47DA-8829-5781D54C2A48}.Debug|Any CPU.Build.0 = Debug|Any CPU
		{129399C8-6ED0-47DA-8829-5781D54C2A48}.Release|Any CPU.ActiveCfg = Release|Any CPU
		{129399C8-6ED0-47DA-8829-5781D54C2A48}.Release|Any CPU.Build.0 = Release|Any CPU
		{5138A406-5B76-4D5E-B889-257224E1FB2F}.Debug|Any CPU.ActiveCfg = Debug|Any CPU
		{5138A406-5B76-4D5E-B889-257224E1FB2F}.Debug|Any CPU.Build.0 = Debug|Any CPU
		{5138A406-5B76-4D5E-B889-257224E1FB2F}.Release|Any CPU.ActiveCfg = Release|Any CPU
		{5138A406-5B76-4D5E-B889-257224E1FB2F}.Release|Any CPU.Build.0 = Release|Any CPU
		{B37BC0BC-90F7-401B-B485-17219FF88B52}.Debug|Any CPU.ActiveCfg = Debug|Any CPU
		{B37BC0BC-90F7-401B-B485-17219FF88B52}.Debug|Any CPU.Build.0 = Debug|Any CPU
		{B37BC0BC-90F7-401B-B485-17219FF88B52}.Release|Any CPU.ActiveCfg = Release|Any CPU
		{B37BC0BC-90F7-401B-B485-17219FF88B52}.Release|Any CPU.Build.0 = Release|Any CPU
		{0AB986D1-0226-417A-A87D-ECDF6C020282}.Debug|Any CPU.ActiveCfg = Debug|Any CPU
		{0AB986D1-0226-417A-A87D-ECDF6C020282}.Debug|Any CPU.Build.0 = Debug|Any CPU
		{0AB986D1-0226-417A-A87D-ECDF6C020282}.Release|Any CPU.ActiveCfg = Release|Any CPU
		{0AB986D1-0226-417A-A87D-ECDF6C020282}.Release|Any CPU.Build.0 = Release|Any CPU
		{0ACC0994-F7F2-4CE8-AC21-306712CF6A0A}.Debug|Any CPU.ActiveCfg = Debug|Any CPU
		{0ACC0994-F7F2-4CE8-AC21-306712CF6A0A}.Debug|Any CPU.Build.0 = Debug|Any CPU
		{0ACC0994-F7F2-4CE8-AC21-306712CF6A0A}.Release|Any CPU.ActiveCfg = Release|Any CPU
		{0ACC0994-F7F2-4CE8-AC21-306712CF6A0A}.Release|Any CPU.Build.0 = Release|Any CPU
	EndGlobalSection
	GlobalSection(SolutionProperties) = preSolution
		HideSolutionNode = FALSE
	EndGlobalSection
	GlobalSection(NestedProjects) = preSolution
		{129399C8-6ED0-47DA-8829-5781D54C2A48} = {EA42A4CD-77F2-40D6-B483-693A5824FDF1}
		{5138A406-5B76-4D5E-B889-257224E1FB2F} = {EA42A4CD-77F2-40D6-B483-693A5824FDF1}
		{B37BC0BC-90F7-401B-B485-17219FF88B52} = {A60DC43C-1B77-4463-9E49-DC52DD53B6CB}
		{0AB986D1-0226-417A-A87D-ECDF6C020282} = {28ADD91D-2B96-4257-BC74-37F15192E998}
		{0ACC0994-F7F2-4CE8-AC21-306712CF6A0A} = {A60DC43C-1B77-4463-9E49-DC52DD53B6CB}
	EndGlobalSection
EndGlobal
